
Microsoft Visual Studio Solution File, Format Version 12.00
# Visual Studio Version 17
VisualStudioVersion = 17.7.34202.233
MinimumVisualStudioVersion = 10.0.40219.1
Project("{FAE04EC0-301F-11D3-BF4B-00C04F79EFBC}") = "resturant", "resturant\resturant.csproj", "{4C79B198-AD1A-4958-AD0E-35F788A2794A}"
EndProject
Global
	GlobalSection(SolutionConfigurationPlatforms) = preSolution
		Debug|Any CPU = Debug|Any CPU
		Release|Any CPU = Release|Any CPU
	EndGlobalSection
	GlobalSection(ProjectConfigurationPlatforms) = postSolution
		{4C79B198-AD1A-4958-AD0E-35F788A2794A}.Debug|Any CPU.ActiveCfg = Debug|Any CPU
		{4C79B198-AD1A-4958-AD0E-35F788A2794A}.Debug|Any CPU.Build.0 = Debug|Any CPU
		{4C79B198-AD1A-4958-AD0E-35F788A2794A}.Release|Any CPU.ActiveCfg = Release|Any CPU
		{4C79B198-AD1A-4958-AD0E-35F788A2794A}.Release|Any CPU.Build.0 = Release|Any CPU
	EndGlobalSection
	GlobalSection(SolutionProperties) = preSolution
		HideSolutionNode = FALSE
	EndGlobalSection
	GlobalSection(ExtensibilityGlobals) = postSolution
		SolutionGuid = {47296981-CDDF-43EE-B658-DBA8959C4DC6}
	EndGlobalSection
EndGlobal
